
Microsoft Visual Studio Solution File, Format Version 12.00
# Visual Studio Version 16
VisualStudioVersion = 16.0.30320.27
MinimumVisualStudioVersion = 10.0.40219.1
Project("{FAE04EC0-301F-11D3-BF4B-00C04F79EFBC}") = "SalesWebMvc", "SalesWebMvc\SalesWebMvc.csproj", "{05F468E1-9199-44C3-BFB9-638DA5BDD749}"
EndProject
Global
	GlobalSection(SolutionConfigurationPlatforms) = preSolution
		Debug|Any CPU = Debug|Any CPU
		Release|Any CPU = Release|Any CPU
	EndGlobalSection
	GlobalSection(ProjectConfigurationPlatforms) = postSolution
		{05F468E1-9199-44C3-BFB9-638DA5BDD749}.Debug|Any CPU.ActiveCfg = Debug|Any CPU
		{05F468E1-9199-44C3-BFB9-638DA5BDD749}.Debug|Any CPU.Build.0 = Debug|Any CPU
		{05F468E1-9199-44C3-BFB9-638DA5BDD749}.Release|Any CPU.ActiveCfg = Release|Any CPU
		{05F468E1-9199-44C3-BFB9-638DA5BDD749}.Release|Any CPU.Build.0 = Release|Any CPU
	EndGlobalSection
	GlobalSection(SolutionProperties) = preSolution
		HideSolutionNode = FALSE
	EndGlobalSection
	GlobalSection(ExtensibilityGlobals) = postSolution
		SolutionGuid = {CEA9A93B-2F46-4398-969D-2FE7BFB85B4B}
	EndGlobalSection
EndGlobal
